// !$*UTF8*$!
{
	archiveVersion = 1;
	classes = {
	};
	objectVersion = 46;
	objects = {

/* Begin PBXBuildFile section */
		319268E116D44B4200B913B6 /* variableDuration.gif in Resources */ = {isa = PBXBuildFile; fileRef = 319268E016D44B4200B913B6 /* variableDuration.gif */; };
		31C640E014D3AF2B007FB1F0 /* UIKit.framework in Frameworks */ = {isa = PBXBuildFile; fileRef = 31C640DF14D3AF2B007FB1F0 /* UIKit.framework */; };
		31C640E214D3AF2B007FB1F0 /* Foundation.framework in Frameworks */ = {isa = PBXBuildFile; fileRef = 31C640E114D3AF2B007FB1F0 /* Foundation.framework */; };
		31C640E414D3AF2B007FB1F0 /* CoreGraphics.framework in Frameworks */ = {isa = PBXBuildFile; fileRef = 31C640E314D3AF2B007FB1F0 /* CoreGraphics.framework */; };
		31C640EA14D3AF2B007FB1F0 /* InfoPlist.strings in Resources */ = {isa = PBXBuildFile; fileRef = 31C640E814D3AF2B007FB1F0 /* InfoPlist.strings */; };
		31C640EC14D3AF2B007FB1F0 /* main.m in Sources */ = {isa = PBXBuildFile; fileRef = 31C640EB14D3AF2B007FB1F0 /* main.m */; };
		31C640F014D3AF2B007FB1F0 /* AppDelegate.m in Sources */ = {isa = PBXBuildFile; fileRef = 31C640EF14D3AF2B007FB1F0 /* AppDelegate.m */; };
		31C640F314D3AF2B007FB1F0 /* ViewController.m in Sources */ = {isa = PBXBuildFile; fileRef = 31C640F214D3AF2B007FB1F0 /* ViewController.m */; };
		31C640F614D3AF2B007FB1F0 /* ViewController.xib in Resources */ = {isa = PBXBuildFile; fileRef = 31C640F414D3AF2B007FB1F0 /* ViewController.xib */; };
		31C640FE14D3AFB1007FB1F0 /* UIImage+animatedGIF.m in Sources */ = {isa = PBXBuildFile; fileRef = 31C640FD14D3AFB1007FB1F0 /* UIImage+animatedGIF.m */; };
		31C6410414D3B277007FB1F0 /* ImageIO.framework in Frameworks */ = {isa = PBXBuildFile; fileRef = 31C6410314D3B277007FB1F0 /* ImageIO.framework */; };
		31C6410714D3B731007FB1F0 /* test.gif in Resources */ = {isa = PBXBuildFile; fileRef = 31C6410614D3B731007FB1F0 /* test.gif */; };
		31C6410914D3B790007FB1F0 /* README.md in Resources */ = {isa = PBXBuildFile; fileRef = 31C6410814D3B790007FB1F0 /* README.md */; };
		994E26D417A5536900E93962 /* SenTestingKit.framework in Frameworks */ = {isa = PBXBuildFile; fileRef = 994E26D317A5536900E93962 /* SenTestingKit.framework */; };
		994E26D517A5536900E93962 /* UIKit.framework in Frameworks */ = {isa = PBXBuildFile; fileRef = 31C640DF14D3AF2B007FB1F0 /* UIKit.framework */; };
		994E26D617A5536900E93962 /* Foundation.framework in Frameworks */ = {isa = PBXBuildFile; fileRef = 31C640E114D3AF2B007FB1F0 /* Foundation.framework */; };
		994E26D917A5536900E93962 /* libuiimage-from-animated-gif-lib.a in Frameworks */ = {isa = PBXBuildFile; fileRef = 994E26C417A5536800E93962 /* libuiimage-from-animated-gif-lib.a */; };
		994E26EB17A5557600E93962 /* UIImage+animatedGIF.m in Sources */ = {isa = PBXBuildFile; fileRef = 31C640FD14D3AFB1007FB1F0 /* UIImage+animatedGIF.m */; };
/* End PBXBuildFile section */

/* Begin PBXContainerItemProxy section */
		994E26D717A5536900E93962 /* PBXContainerItemProxy */ = {
			isa = PBXContainerItemProxy;
			containerPortal = 31C640D214D3AF2B007FB1F0 /* Project object */;
			proxyType = 1;
			remoteGlobalIDString = 994E26C317A5536800E93962;
			remoteInfo = "uiimage-from-animated-gif-lib";
		};
/* End PBXContainerItemProxy section */

/* Begin PBXCopyFilesBuildPhase section */
		994E26C217A5536800E93962 /* CopyFiles */ = {
			isa = PBXCopyFilesBuildPhase;
			buildActionMask = 2147483647;
			dstPath = "include/${PRODUCT_NAME}";
			dstSubfolderSpec = 16;
			files = (
			);
			runOnlyForDeploymentPostprocessing = 0;
		};
/* End PBXCopyFilesBuildPhase section */

/* Begin PBXFileReference section */
		319268E016D44B4200B913B6 /* variableDuration.gif */ = {isa = PBXFileReference; lastKnownFileType = image.gif; path = variableDuration.gif; sourceTree = "<group>"; };
		31C640DB14D3AF2B007FB1F0 /* uiimage-from-animated-gif.app */ = {isa = PBXFileReference; explicitFileType = wrapper.application; includeInIndex = 0; path = "uiimage-from-animated-gif.app"; sourceTree = BUILT_PRODUCTS_DIR; };
		31C640DF14D3AF2B007FB1F0 /* UIKit.framework */ = {isa = PBXFileReference; lastKnownFileType = wrapper.framework; name = UIKit.framework; path = System/Library/Frameworks/UIKit.framework; sourceTree = SDKROOT; };
		31C640E114D3AF2B007FB1F0 /* Foundation.framework */ = {isa = PBXFileReference; lastKnownFileType = wrapper.framework; name = Foundation.framework; path = System/Library/Frameworks/Foundation.framework; sourceTree = SDKROOT; };
		31C640E314D3AF2B007FB1F0 /* CoreGraphics.framework */ = {isa = PBXFileReference; lastKnownFileType = wrapper.framework; name = CoreGraphics.framework; path = System/Library/Frameworks/CoreGraphics.framework; sourceTree = SDKROOT; };
		31C640E714D3AF2B007FB1F0 /* uiimage-from-animated-gif-Info.plist */ = {isa = PBXFileReference; lastKnownFileType = text.plist.xml; path = "uiimage-from-animated-gif-Info.plist"; sourceTree = "<group>"; };
		31C640E914D3AF2B007FB1F0 /* en */ = {isa = PBXFileReference; lastKnownFileType = text.plist.strings; name = en; path = en.lproj/InfoPlist.strings; sourceTree = "<group>"; };
		31C640EB14D3AF2B007FB1F0 /* main.m */ = {isa = PBXFileReference; lastKnownFileType = sourcecode.c.objc; path = main.m; sourceTree = "<group>"; };
		31C640ED14D3AF2B007FB1F0 /* uiimage-from-animated-gif-Prefix.pch */ = {isa = PBXFileReference; lastKnownFileType = sourcecode.c.h; path = "uiimage-from-animated-gif-Prefix.pch"; sourceTree = "<group>"; };
		31C640EE14D3AF2B007FB1F0 /* AppDelegate.h */ = {isa = PBXFileReference; lastKnownFileType = sourcecode.c.h; path = AppDelegate.h; sourceTree = "<group>"; };
		31C640EF14D3AF2B007FB1F0 /* AppDelegate.m */ = {isa = PBXFileReference; lastKnownFileType = sourcecode.c.objc; path = AppDelegate.m; sourceTree = "<group>"; };
		31C640F114D3AF2B007FB1F0 /* ViewController.h */ = {isa = PBXFileReference; lastKnownFileType = sourcecode.c.h; path = ViewController.h; sourceTree = "<group>"; };
		31C640F214D3AF2B007FB1F0 /* ViewController.m */ = {isa = PBXFileReference; lastKnownFileType = sourcecode.c.objc; path = ViewController.m; sourceTree = "<group>"; };
		31C640F514D3AF2B007FB1F0 /* en */ = {isa = PBXFileReference; lastKnownFileType = file.xib; name = en; path = en.lproj/ViewController.xib; sourceTree = "<group>"; };
		31C640FC14D3AFB1007FB1F0 /* UIImage+animatedGIF.h */ = {isa = PBXFileReference; fileEncoding = 4; lastKnownFileType = sourcecode.c.h; name = "UIImage+animatedGIF.h"; path = "uiimage-from-animated-gif/UIImage+animatedGIF.h"; sourceTree = "<group>"; };
		31C640FD14D3AFB1007FB1F0 /* UIImage+animatedGIF.m */ = {isa = PBXFileReference; fileEncoding = 4; lastKnownFileType = sourcecode.c.objc; name = "UIImage+animatedGIF.m"; path = "uiimage-from-animated-gif/UIImage+animatedGIF.m"; sourceTree = "<group>"; };
		31C6410314D3B277007FB1F0 /* ImageIO.framework */ = {isa = PBXFileReference; lastKnownFileType = wrapper.framework; name = ImageIO.framework; path = System/Library/Frameworks/ImageIO.framework; sourceTree = SDKROOT; };
		31C6410614D3B731007FB1F0 /* test.gif */ = {isa = PBXFileReference; lastKnownFileType = image.gif; path = test.gif; sourceTree = "<group>"; };
		31C6410814D3B790007FB1F0 /* README.md */ = {isa = PBXFileReference; fileEncoding = 4; lastKnownFileType = text; path = README.md; sourceTree = "<group>"; };
		31C6410A14D3B9D1007FB1F0 /* COPYRIGHT */ = {isa = PBXFileReference; lastKnownFileType = text; path = COPYRIGHT; sourceTree = "<group>"; };
		994E26C417A5536800E93962 /* libuiimage-from-animated-gif-lib.a */ = {isa = PBXFileReference; explicitFileType = archive.ar; includeInIndex = 0; path = "libuiimage-from-animated-gif-lib.a"; sourceTree = BUILT_PRODUCTS_DIR; };
		994E26D217A5536900E93962 /* uiimage-from-animated-gif-libTests.octest */ = {isa = PBXFileReference; explicitFileType = wrapper.cfbundle; includeInIndex = 0; path = "uiimage-from-animated-gif-libTests.octest"; sourceTree = BUILT_PRODUCTS_DIR; };
		994E26D317A5536900E93962 /* SenTestingKit.framework */ = {isa = PBXFileReference; lastKnownFileType = wrapper.framework; name = SenTestingKit.framework; path = Library/Frameworks/SenTestingKit.framework; sourceTree = DEVELOPER_DIR; };
/* End PBXFileReference section */

/* Begin PBXFrameworksBuildPhase section */
		31C640D814D3AF2B007FB1F0 /* Frameworks */ = {
			isa = PBXFrameworksBuildPhase;
			buildActionMask = 2147483647;
			files = (
				31C6410414D3B277007FB1F0 /* ImageIO.framework in Frameworks */,
				31C640E014D3AF2B007FB1F0 /* UIKit.framework in Frameworks */,
				31C640E214D3AF2B007FB1F0 /* Foundation.framework in Frameworks */,
				31C640E414D3AF2B007FB1F0 /* CoreGraphics.framework in Frameworks */,
			);
			runOnlyForDeploymentPostprocessing = 0;
		};
		994E26C117A5536800E93962 /* Frameworks */ = {
			isa = PBXFrameworksBuildPhase;
			buildActionMask = 2147483647;
			files = (
			);
			runOnlyForDeploymentPostprocessing = 0;
		};
		994E26CE17A5536900E93962 /* Frameworks */ = {
			isa = PBXFrameworksBuildPhase;
			buildActionMask = 2147483647;
			files = (
				994E26D417A5536900E93962 /* SenTestingKit.framework in Frameworks */,
				994E26D517A5536900E93962 /* UIKit.framework in Frameworks */,
				994E26D617A5536900E93962 /* Foundation.framework in Frameworks */,
				994E26D917A5536900E93962 /* libuiimage-from-animated-gif-lib.a in Frameworks */,
			);
			runOnlyForDeploymentPostprocessing = 0;
		};
/* End PBXFrameworksBuildPhase section */

/* Begin PBXGroup section */
		319268E216D44C8200B913B6 /* COPY THESE FILES TO YOUR PROJECT */ = {
			isa = PBXGroup;
			children = (
				31C640FC14D3AFB1007FB1F0 /* UIImage+animatedGIF.h */,
				31C640FD14D3AFB1007FB1F0 /* UIImage+animatedGIF.m */,
			);
			name = "COPY THESE FILES TO YOUR PROJECT";
			sourceTree = "<group>";
		};
		31C640D014D3AF2B007FB1F0 = {
			isa = PBXGroup;
			children = (
				31C6410A14D3B9D1007FB1F0 /* COPYRIGHT */,
				31C6410814D3B790007FB1F0 /* README.md */,
				319268E216D44C8200B913B6 /* COPY THESE FILES TO YOUR PROJECT */,
				31C640E514D3AF2B007FB1F0 /* test app */,
				31C640DE14D3AF2B007FB1F0 /* Frameworks */,
				31C640DC14D3AF2B007FB1F0 /* Products */,
			);
			sourceTree = "<group>";
		};
		31C640DC14D3AF2B007FB1F0 /* Products */ = {
			isa = PBXGroup;
			children = (
				31C640DB14D3AF2B007FB1F0 /* uiimage-from-animated-gif.app */,
				994E26C417A5536800E93962 /* libuiimage-from-animated-gif-lib.a */,
				994E26D217A5536900E93962 /* uiimage-from-animated-gif-libTests.octest */,
			);
			name = Products;
			sourceTree = "<group>";
		};
		31C640DE14D3AF2B007FB1F0 /* Frameworks */ = {
			isa = PBXGroup;
			children = (
				31C6410314D3B277007FB1F0 /* ImageIO.framework */,
				31C640DF14D3AF2B007FB1F0 /* UIKit.framework */,
				31C640E114D3AF2B007FB1F0 /* Foundation.framework */,
				31C640E314D3AF2B007FB1F0 /* CoreGraphics.framework */,
				994E26D317A5536900E93962 /* SenTestingKit.framework */,
			);
			name = Frameworks;
			sourceTree = "<group>";
		};
		31C640E514D3AF2B007FB1F0 /* test app */ = {
			isa = PBXGroup;
			children = (
				31C6410614D3B731007FB1F0 /* test.gif */,
				319268E016D44B4200B913B6 /* variableDuration.gif */,
				31C640EE14D3AF2B007FB1F0 /* AppDelegate.h */,
				31C640EF14D3AF2B007FB1F0 /* AppDelegate.m */,
				31C640F114D3AF2B007FB1F0 /* ViewController.h */,
				31C640F214D3AF2B007FB1F0 /* ViewController.m */,
				31C640F414D3AF2B007FB1F0 /* ViewController.xib */,
				31C640E614D3AF2B007FB1F0 /* Supporting Files */,
			);
			name = "test app";
			path = "uiimage-from-animated-gif";
			sourceTree = "<group>";
		};
		31C640E614D3AF2B007FB1F0 /* Supporting Files */ = {
			isa = PBXGroup;
			children = (
				31C640E714D3AF2B007FB1F0 /* uiimage-from-animated-gif-Info.plist */,
				31C640E814D3AF2B007FB1F0 /* InfoPlist.strings */,
				31C640EB14D3AF2B007FB1F0 /* main.m */,
				31C640ED14D3AF2B007FB1F0 /* uiimage-from-animated-gif-Prefix.pch */,
			);
			name = "Supporting Files";
			sourceTree = "<group>";
		};
/* End PBXGroup section */

/* Begin PBXNativeTarget section */
		31C640DA14D3AF2B007FB1F0 /* uiimage-from-animated-gif */ = {
			isa = PBXNativeTarget;
			buildConfigurationList = 31C640F914D3AF2B007FB1F0 /* Build configuration list for PBXNativeTarget "uiimage-from-animated-gif" */;
			buildPhases = (
				31C640D714D3AF2B007FB1F0 /* Sources */,
				31C640D814D3AF2B007FB1F0 /* Frameworks */,
				31C640D914D3AF2B007FB1F0 /* Resources */,
			);
			buildRules = (
			);
			dependencies = (
			);
			name = "uiimage-from-animated-gif";
			productName = "uiimage-from-animated-gif";
			productReference = 31C640DB14D3AF2B007FB1F0 /* uiimage-from-animated-gif.app */;
			productType = "com.apple.product-type.application";
		};
		994E26C317A5536800E93962 /* uiimage-from-animated-gif-lib */ = {
			isa = PBXNativeTarget;
			buildConfigurationList = 994E26E317A5536A00E93962 /* Build configuration list for PBXNativeTarget "uiimage-from-animated-gif-lib" */;
			buildPhases = (
				994E26C017A5536800E93962 /* Sources */,
				994E26C117A5536800E93962 /* Frameworks */,
				994E26C217A5536800E93962 /* CopyFiles */,
			);
			buildRules = (
			);
			dependencies = (
			);
			name = "uiimage-from-animated-gif-lib";
			productName = "uiimage-from-animated-gif-lib";
			productReference = 994E26C417A5536800E93962 /* libuiimage-from-animated-gif-lib.a */;
			productType = "com.apple.product-type.library.static";
		};
		994E26D117A5536900E93962 /* uiimage-from-animated-gif-libTests */ = {
			isa = PBXNativeTarget;
			buildConfigurationList = 994E26E617A5536A00E93962 /* Build configuration list for PBXNativeTarget "uiimage-from-animated-gif-libTests" */;
			buildPhases = (
				994E26CD17A5536900E93962 /* Sources */,
				994E26CE17A5536900E93962 /* Frameworks */,
				994E26CF17A5536900E93962 /* Resources */,
				994E26D017A5536900E93962 /* ShellScript */,
			);
			buildRules = (
			);
			dependencies = (
				994E26D817A5536900E93962 /* PBXTargetDependency */,
			);
			name = "uiimage-from-animated-gif-libTests";
			productName = "uiimage-from-animated-gif-libTests";
			productReference = 994E26D217A5536900E93962 /* uiimage-from-animated-gif-libTests.octest */;
			productType = "com.apple.product-type.bundle";
		};
/* End PBXNativeTarget section */

/* Begin PBXProject section */
		31C640D214D3AF2B007FB1F0 /* Project object */ = {
			isa = PBXProject;
			attributes = {
				LastUpgradeCheck = 0500;
			};
			buildConfigurationList = 31C640D514D3AF2B007FB1F0 /* Build configuration list for PBXProject "uiimage-from-animated-gif" */;
			compatibilityVersion = "Xcode 3.2";
			developmentRegion = English;
			hasScannedForEncodings = 0;
			knownRegions = (
				en,
			);
			mainGroup = 31C640D014D3AF2B007FB1F0;
			productRefGroup = 31C640DC14D3AF2B007FB1F0 /* Products */;
			projectDirPath = "";
			projectRoot = "";
			targets = (
				31C640DA14D3AF2B007FB1F0 /* uiimage-from-animated-gif */,
				994E26C317A5536800E93962 /* uiimage-from-animated-gif-lib */,
				994E26D117A5536900E93962 /* uiimage-from-animated-gif-libTests */,
			);
		};
/* End PBXProject section */

/* Begin PBXResourcesBuildPhase section */
		31C640D914D3AF2B007FB1F0 /* Resources */ = {
			isa = PBXResourcesBuildPhase;
			buildActionMask = 2147483647;
			files = (
				31C640EA14D3AF2B007FB1F0 /* InfoPlist.strings in Resources */,
				31C640F614D3AF2B007FB1F0 /* ViewController.xib in Resources */,
				31C6410714D3B731007FB1F0 /* test.gif in Resources */,
				31C6410914D3B790007FB1F0 /* README.md in Resources */,
				319268E116D44B4200B913B6 /* variableDuration.gif in Resources */,
			);
			runOnlyForDeploymentPostprocessing = 0;
		};
		994E26CF17A5536900E93962 /* Resources */ = {
			isa = PBXResourcesBuildPhase;
			buildActionMask = 2147483647;
			files = (
			);
			runOnlyForDeploymentPostprocessing = 0;
		};
/* End PBXResourcesBuildPhase section */

/* Begin PBXShellScriptBuildPhase section */
		994E26D017A5536900E93962 /* ShellScript */ = {
			isa = PBXShellScriptBuildPhase;
			buildActionMask = 2147483647;
			files = (
			);
			inputPaths = (
			);
			outputPaths = (
			);
			runOnlyForDeploymentPostprocessing = 0;
			shellPath = /bin/sh;
			shellScript = "# Run the unit tests in this test bundle.\n\"${SYSTEM_DEVELOPER_DIR}/Tools/RunUnitTests\"\n";
		};
/* End PBXShellScriptBuildPhase section */

/* Begin PBXSourcesBuildPhase section */
		31C640D714D3AF2B007FB1F0 /* Sources */ = {
			isa = PBXSourcesBuildPhase;
			buildActionMask = 2147483647;
			files = (
				31C640EC14D3AF2B007FB1F0 /* main.m in Sources */,
				31C640F014D3AF2B007FB1F0 /* AppDelegate.m in Sources */,
				31C640F314D3AF2B007FB1F0 /* ViewController.m in Sources */,
				31C640FE14D3AFB1007FB1F0 /* UIImage+animatedGIF.m in Sources */,
			);
			runOnlyForDeploymentPostprocessing = 0;
		};
		994E26C017A5536800E93962 /* Sources */ = {
			isa = PBXSourcesBuildPhase;
			buildActionMask = 2147483647;
			files = (
				994E26EB17A5557600E93962 /* UIImage+animatedGIF.m in Sources */,
			);
			runOnlyForDeploymentPostprocessing = 0;
		};
		994E26CD17A5536900E93962 /* Sources */ = {
			isa = PBXSourcesBuildPhase;
			buildActionMask = 2147483647;
			files = (
			);
			runOnlyForDeploymentPostprocessing = 0;
		};
/* End PBXSourcesBuildPhase section */

/* Begin PBXTargetDependency section */
		994E26D817A5536900E93962 /* PBXTargetDependency */ = {
			isa = PBXTargetDependency;
			target = 994E26C317A5536800E93962 /* uiimage-from-animated-gif-lib */;
			targetProxy = 994E26D717A5536900E93962 /* PBXContainerItemProxy */;
		};
/* End PBXTargetDependency section */

/* Begin PBXVariantGroup section */
		31C640E814D3AF2B007FB1F0 /* InfoPlist.strings */ = {
			isa = PBXVariantGroup;
			children = (
				31C640E914D3AF2B007FB1F0 /* en */,
			);
			name = InfoPlist.strings;
			sourceTree = "<group>";
		};
		31C640F414D3AF2B007FB1F0 /* ViewController.xib */ = {
			isa = PBXVariantGroup;
			children = (
				31C640F514D3AF2B007FB1F0 /* en */,
			);
			name = ViewController.xib;
			sourceTree = "<group>";
		};
/* End PBXVariantGroup section */

/* Begin XCBuildConfiguration section */
		31C640F714D3AF2B007FB1F0 /* Debug */ = {
			isa = XCBuildConfiguration;
			buildSettings = {
				ALWAYS_SEARCH_USER_PATHS = NO;
				CLANG_ENABLE_OBJC_ARC = YES;
				CLANG_WARN_BOOL_CONVERSION = YES;
				CLANG_WARN_CONSTANT_CONVERSION = YES;
				CLANG_WARN_EMPTY_BODY = YES;
				CLANG_WARN_ENUM_CONVERSION = YES;
				CLANG_WARN_INT_CONVERSION = YES;
				CLANG_WARN__DUPLICATE_METHOD_MATCH = YES;
				"CODE_SIGN_IDENTITY[sdk=iphoneos*]" = "iPhone Developer";
				COPY_PHASE_STRIP = NO;
				GCC_C_LANGUAGE_STANDARD = gnu99;
				GCC_DYNAMIC_NO_PIC = NO;
				GCC_OPTIMIZATION_LEVEL = 0;
				GCC_PREPROCESSOR_DEFINITIONS = (
					"DEBUG=1",
					"$(inherited)",
				);
				GCC_SYMBOLS_PRIVATE_EXTERN = NO;
				GCC_VERSION = com.apple.compilers.llvm.clang.1_0;
				GCC_WARN_64_TO_32_BIT_CONVERSION = YES;
				GCC_WARN_ABOUT_MISSING_PROTOTYPES = YES;
				GCC_WARN_ABOUT_RETURN_TYPE = YES;
				GCC_WARN_UNDECLARED_SELECTOR = YES;
				GCC_WARN_UNINITIALIZED_AUTOS = YES;
				GCC_WARN_UNUSED_FUNCTION = YES;
				GCC_WARN_UNUSED_VARIABLE = YES;
				IPHONEOS_DEPLOYMENT_TARGET = 5.0;
				ONLY_ACTIVE_ARCH = YES;
				SDKROOT = iphoneos;
			};
			name = Debug;
		};
		31C640F814D3AF2B007FB1F0 /* Release */ = {
			isa = XCBuildConfiguration;
			buildSettings = {
				ALWAYS_SEARCH_USER_PATHS = NO;
				CLANG_ENABLE_OBJC_ARC = YES;
				CLANG_WARN_BOOL_CONVERSION = YES;
				CLANG_WARN_CONSTANT_CONVERSION = YES;
				CLANG_WARN_EMPTY_BODY = YES;
				CLANG_WARN_ENUM_CONVERSION = YES;
				CLANG_WARN_INT_CONVERSION = YES;
				CLANG_WARN__DUPLICATE_METHOD_MATCH = YES;
				"CODE_SIGN_IDENTITY[sdk=iphoneos*]" = "iPhone Developer";
				COPY_PHASE_STRIP = YES;
				GCC_C_LANGUAGE_STANDARD = gnu99;
				GCC_VERSION = com.apple.compilers.llvm.clang.1_0;
				GCC_WARN_64_TO_32_BIT_CONVERSION = YES;
				GCC_WARN_ABOUT_MISSING_PROTOTYPES = YES;
				GCC_WARN_ABOUT_RETURN_TYPE = YES;
				GCC_WARN_UNDECLARED_SELECTOR = YES;
				GCC_WARN_UNINITIALIZED_AUTOS = YES;
				GCC_WARN_UNUSED_FUNCTION = YES;
				GCC_WARN_UNUSED_VARIABLE = YES;
				IPHONEOS_DEPLOYMENT_TARGET = 5.0;
				OTHER_CFLAGS = "-DNS_BLOCK_ASSERTIONS=1";
				SDKROOT = iphoneos;
				VALIDATE_PRODUCT = YES;
			};
			name = Release;
		};
		31C640FA14D3AF2B007FB1F0 /* Debug */ = {
			isa = XCBuildConfiguration;
			buildSettings = {
				GCC_PRECOMPILE_PREFIX_HEADER = YES;
				GCC_PREFIX_HEADER = "uiimage-from-animated-gif/uiimage-from-animated-gif-Prefix.pch";
				INFOPLIST_FILE = "uiimage-from-animated-gif/uiimage-from-animated-gif-Info.plist";
				PRODUCT_NAME = "$(TARGET_NAME)";
				WRAPPER_EXTENSION = app;
			};
			name = Debug;
		};
		31C640FB14D3AF2B007FB1F0 /* Release */ = {
			isa = XCBuildConfiguration;
			buildSettings = {
				GCC_PRECOMPILE_PREFIX_HEADER = YES;
				GCC_PREFIX_HEADER = "uiimage-from-animated-gif/uiimage-from-animated-gif-Prefix.pch";
				INFOPLIST_FILE = "uiimage-from-animated-gif/uiimage-from-animated-gif-Info.plist";
				PRODUCT_NAME = "$(TARGET_NAME)";
				WRAPPER_EXTENSION = app;
			};
			name = Release;
		};
		994E26E417A5536A00E93962 /* Debug */ = {
			isa = XCBuildConfiguration;
			buildSettings = {
				CLANG_CXX_LANGUAGE_STANDARD = "gnu++0x";
				CLANG_CXX_LIBRARY = "libc++";
				CLANG_WARN_EMPTY_BODY = YES;
				DSTROOT = /tmp/uiimage_from_animated_gif_lib.dst;
				GCC_PRECOMPILE_PREFIX_HEADER = NO;
				IPHONEOS_DEPLOYMENT_TARGET = 6.1;
				ONLY_ACTIVE_ARCH = YES;
				OTHER_LDFLAGS = "-ObjC";
				PRODUCT_NAME = "$(TARGET_NAME)";
				SKIP_INSTALL = YES;
			};
			name = Debug;
		};
		994E26E517A5536A00E93962 /* Release */ = {
			isa = XCBuildConfiguration;
			buildSettings = {
				CLANG_CXX_LANGUAGE_STANDARD = "gnu++0x";
				CLANG_CXX_LIBRARY = "libc++";
				CLANG_WARN_EMPTY_BODY = YES;
				DSTROOT = /tmp/uiimage_from_animated_gif_lib.dst;
				GCC_PRECOMPILE_PREFIX_HEADER = NO;
				IPHONEOS_DEPLOYMENT_TARGET = 6.1;
				OTHER_LDFLAGS = "-ObjC";
				PRODUCT_NAME = "$(TARGET_NAME)";
				SKIP_INSTALL = YES;
			};
			name = Release;
		};
		994E26E717A5536A00E93962 /* Debug */ = {
			isa = XCBuildConfiguration;
			buildSettings = {
				CLANG_CXX_LANGUAGE_STANDARD = "gnu++0x";
				CLANG_CXX_LIBRARY = "libc++";
				CLANG_WARN_EMPTY_BODY = YES;
				FRAMEWORK_SEARCH_PATHS = (
					"\"$(SDKROOT)/Developer/Library/Frameworks\"",
					"\"$(DEVELOPER_LIBRARY_DIR)/Frameworks\"",
				);
				GCC_PRECOMPILE_PREFIX_HEADER = YES;
				INFOPLIST_FILE = "uiimage-from-animated-gif-libTests/uiimage-from-animated-gif-libTests-Info.plist";
				IPHONEOS_DEPLOYMENT_TARGET = 6.1;
				ONLY_ACTIVE_ARCH = YES;
				PRECOMPS_INCLUDE_HEADERS_FROM_BUILT_PRODUCTS_DIR = NO;
				PRODUCT_NAME = "$(TARGET_NAME)";
				WRAPPER_EXTENSION = octest;
			};
			name = Debug;
		};
		994E26E817A5536A00E93962 /* Release */ = {
			isa = XCBuildConfiguration;
			buildSettings = {
				CLANG_CXX_LANGUAGE_STANDARD = "gnu++0x";
				CLANG_CXX_LIBRARY = "libc++";
				CLANG_WARN_EMPTY_BODY = YES;
				FRAMEWORK_SEARCH_PATHS = (
					"\"$(SDKROOT)/Developer/Library/Frameworks\"",
					"\"$(DEVELOPER_LIBRARY_DIR)/Frameworks\"",
				);
				GCC_PRECOMPILE_PREFIX_HEADER = YES;
				INFOPLIST_FILE = "uiimage-from-animated-gif-libTests/uiimage-from-animated-gif-libTests-Info.plist";
				IPHONEOS_DEPLOYMENT_TARGET = 6.1;
				PRECOMPS_INCLUDE_HEADERS_FROM_BUILT_PRODUCTS_DIR = NO;
				PRODUCT_NAME = "$(TARGET_NAME)";
				WRAPPER_EXTENSION = octest;
			};
			name = Release;
		};
/* End XCBuildConfiguration section */

/* Begin XCConfigurationList section */
		31C640D514D3AF2B007FB1F0 /* Build configuration list for PBXProject "uiimage-from-animated-gif" */ = {
			isa = XCConfigurationList;
			buildConfigurations = (
				31C640F714D3AF2B007FB1F0 /* Debug */,
				31C640F814D3AF2B007FB1F0 /* Release */,
			);
			defaultConfigurationIsVisible = 0;
			defaultConfigurationName = Release;
		};
		31C640F914D3AF2B007FB1F0 /* Build configuration list for PBXNativeTarget "uiimage-from-animated-gif" */ = {
			isa = XCConfigurationList;
			buildConfigurations = (
				31C640FA14D3AF2B007FB1F0 /* Debug */,
				31C640FB14D3AF2B007FB1F0 /* Release */,
			);
			defaultConfigurationIsVisible = 0;
			defaultConfigurationName = Release;
		};
		994E26E317A5536A00E93962 /* Build configuration list for PBXNativeTarget "uiimage-from-animated-gif-lib" */ = {
			isa = XCConfigurationList;
			buildConfigurations = (
				994E26E417A5536A00E93962 /* Debug */,
				994E26E517A5536A00E93962 /* Release */,
			);
			defaultConfigurationIsVisible = 0;
			defaultConfigurationName = Release;
		};
		994E26E617A5536A00E93962 /* Build configuration list for PBXNativeTarget "uiimage-from-animated-gif-libTests" */ = {
			isa = XCConfigurationList;
			buildConfigurations = (
				994E26E717A5536A00E93962 /* Debug */,
				994E26E817A5536A00E93962 /* Release */,
			);
			defaultConfigurationIsVisible = 0;
			defaultConfigurationName = Release;
		};
/* End XCConfigurationList section */
	};
	rootObject = 31C640D214D3AF2B007FB1F0 /* Project object */;
}
